
Microsoft Visual Studio Solution File, Format Version 12.00
# Visual Studio Version 17
VisualStudioVersion = 17.0.31903.59
MinimumVisualStudioVersion = 10.0.40219.1
Project("{9A19103F-16F7-4668-BE54-9A1E7A4F7556}") = "Resturants.API", "Resturants.API\Resturants.API.csproj", "{0D197900-AB6C-405F-BF4C-1E5BBA542399}"
EndProject
Project("{FAE04EC0-301F-11D3-BF4B-00C04F79EFBC}") = "Resturants.Domain", "Resturants.Domain\Resturants.Domain.csproj", "{28E27BBA-890E-46D1-9A2E-0BDC6D8B6590}"
EndProject
Project("{FAE04EC0-301F-11D3-BF4B-00C04F79EFBC}") = "Resturants.Application", "Resturants.Application\Resturants.Application.csproj", "{94795907-022C-4E9A-B8A7-B57D7FA6018B}"
EndProject
Project("{FAE04EC0-301F-11D3-BF4B-00C04F79EFBC}") = "Resturants.Infra", "Resturants.Infra\Resturants.Infra.csproj", "{70F02BEC-E86F-4029-A698-12B489CB486E}"
EndProject
Global
	GlobalSection(SolutionConfigurationPlatforms) = preSolution
		Debug|Any CPU = Debug|Any CPU
		Release|Any CPU = Release|Any CPU
	EndGlobalSection
	GlobalSection(ProjectConfigurationPlatforms) = postSolution
		{0D197900-AB6C-405F-BF4C-1E5BBA542399}.Debug|Any CPU.ActiveCfg = Debug|Any CPU
		{0D197900-AB6C-405F-BF4C-1E5BBA542399}.Debug|Any CPU.Build.0 = Debug|Any CPU
		{0D197900-AB6C-405F-BF4C-1E5BBA542399}.Release|Any CPU.ActiveCfg = Release|Any CPU
		{0D197900-AB6C-405F-BF4C-1E5BBA542399}.Release|Any CPU.Build.0 = Release|Any CPU
		{28E27BBA-890E-46D1-9A2E-0BDC6D8B6590}.Debug|Any CPU.ActiveCfg = Debug|Any CPU
		{28E27BBA-890E-46D1-9A2E-0BDC6D8B6590}.Debug|Any CPU.Build.0 = Debug|Any CPU
		{28E27BBA-890E-46D1-9A2E-0BDC6D8B6590}.Release|Any CPU.ActiveCfg = Release|Any CPU
		{28E27BBA-890E-46D1-9A2E-0BDC6D8B6590}.Release|Any CPU.Build.0 = Release|Any CPU
		{94795907-022C-4E9A-B8A7-B57D7FA6018B}.Debug|Any CPU.ActiveCfg = Debug|Any CPU
		{94795907-022C-4E9A-B8A7-B57D7FA6018B}.Debug|Any CPU.Build.0 = Debug|Any CPU
		{94795907-022C-4E9A-B8A7-B57D7FA6018B}.Release|Any CPU.ActiveCfg = Release|Any CPU
		{94795907-022C-4E9A-B8A7-B57D7FA6018B}.Release|Any CPU.Build.0 = Release|Any CPU
		{70F02BEC-E86F-4029-A698-12B489CB486E}.Debug|Any CPU.ActiveCfg = Debug|Any CPU
		{70F02BEC-E86F-4029-A698-12B489CB486E}.Debug|Any CPU.Build.0 = Debug|Any CPU
		{70F02BEC-E86F-4029-A698-12B489CB486E}.Release|Any CPU.ActiveCfg = Release|Any CPU
		{70F02BEC-E86F-4029-A698-12B489CB486E}.Release|Any CPU.Build.0 = Release|Any CPU
	EndGlobalSection
	GlobalSection(SolutionProperties) = preSolution
		HideSolutionNode = FALSE
	EndGlobalSection
	GlobalSection(ExtensibilityGlobals) = postSolution
		SolutionGuid = {A0EFCCAA-0FD4-4BDC-9698-A518E2B1D393}
	EndGlobalSection
EndGlobal
